<?xml version="1.0" encoding="utf-8"?>
<Project ToolsVersion="4.0" xmlns="http://schemas.microsoft.com/developer/msbuild/2003">
  <ItemGroup>
    <ClCompile Include="Źródło.cpp" />
    <ClCompile Include="Konto.cpp" />
    <ClCompile Include="Produkt.cpp" />
    <ClCompile Include="Item.cpp" />
    <ClCompile Include="Magazyn.cpp" />
    <ClCompile Include="koszyk.cpp" />
    <ClCompile Include="Zamowienie.cpp" />
  </ItemGroup>
  <ItemGroup>
    <ClCompile Include="Źródło.cpp">
      <Filter>Pliki źródłowe</Filter>
    </ClCompile>
    <ClCompile Include="Konto.cpp">
      <Filter>Pliki źródłowe</Filter>
    </ClCompile>
  </ItemGroup>
  <ItemGroup>
    <ClInclude Include="Konto.h" />
    <ClInclude Include="Koszyk.h" />
    <ClInclude Include="Produkt.h" />
    <ClInclude Include="Zamowienie.h" />
    <ClInclude Include="Item.h" />
    <ClInclude Include="Magazyn.h" />
  </ItemGroup>
</Project>